
Microsoft Visual Studio Solution File, Format Version 12.00
Project("{2150E333-8FDC-42A3-9474-1A3956D46DE8}") = "Items", "Items", "{08FD3B8A-A6D3-43AA-B695-2DF194A360B1}"
ProjectSection(SolutionItems) = preProject
	..\README.md = ..\README.md
	.gitignore = .gitignore
EndProjectSection
EndProject
Project("{FAE04EC0-301F-11D3-BF4B-00C04F79EFBC}") = "Wd3w.AspNetCore.EasyTesting", "Wd3w.AspNetCore.EasyTesting\Wd3w.AspNetCore.EasyTesting.csproj", "{BF4866CF-ED28-40DA-B79D-FEFF4138A68C}"
EndProject
Project("{FAE04EC0-301F-11D3-BF4B-00C04F79EFBC}") = "Wd3w.AspNetCore.EasyTesting.SampleApi", "Wd3w.AspNetCore.EasyTesting.SampleApi\Wd3w.AspNetCore.EasyTesting.SampleApi.csproj", "{09304BAD-484E-4EE9-8A30-9C01E3287E2A}"
EndProject
Project("{FAE04EC0-301F-11D3-BF4B-00C04F79EFBC}") = "Wd3w.AspNetCore.EasyTesting.Test", "Wd3w.AspNetCore.EasyTesting.Test\Wd3w.AspNetCore.EasyTesting.Test.csproj", "{4CEA31B4-9155-4BCF-B86A-A77068E90BFB}"
EndProject
Global
	GlobalSection(SolutionConfigurationPlatforms) = preSolution
		Debug|Any CPU = Debug|Any CPU
		Release|Any CPU = Release|Any CPU
	EndGlobalSection
	GlobalSection(ProjectConfigurationPlatforms) = postSolution
		{BF4866CF-ED28-40DA-B79D-FEFF4138A68C}.Debug|Any CPU.ActiveCfg = Debug|Any CPU
		{BF4866CF-ED28-40DA-B79D-FEFF4138A68C}.Debug|Any CPU.Build.0 = Debug|Any CPU
		{BF4866CF-ED28-40DA-B79D-FEFF4138A68C}.Release|Any CPU.ActiveCfg = Release|Any CPU
		{BF4866CF-ED28-40DA-B79D-FEFF4138A68C}.Release|Any CPU.Build.0 = Release|Any CPU
		{09304BAD-484E-4EE9-8A30-9C01E3287E2A}.Debug|Any CPU.ActiveCfg = Debug|Any CPU
		{09304BAD-484E-4EE9-8A30-9C01E3287E2A}.Debug|Any CPU.Build.0 = Debug|Any CPU
		{09304BAD-484E-4EE9-8A30-9C01E3287E2A}.Release|Any CPU.ActiveCfg = Release|Any CPU
		{09304BAD-484E-4EE9-8A30-9C01E3287E2A}.Release|Any CPU.Build.0 = Release|Any CPU
		{4CEA31B4-9155-4BCF-B86A-A77068E90BFB}.Debug|Any CPU.ActiveCfg = Debug|Any CPU
		{4CEA31B4-9155-4BCF-B86A-A77068E90BFB}.Debug|Any CPU.Build.0 = Debug|Any CPU
		{4CEA31B4-9155-4BCF-B86A-A77068E90BFB}.Release|Any CPU.ActiveCfg = Release|Any CPU
		{4CEA31B4-9155-4BCF-B86A-A77068E90BFB}.Release|Any CPU.Build.0 = Release|Any CPU
	EndGlobalSection
EndGlobal
